lockVersion: 2.0.0
id: 0ab71516-3b13-47ca-9913-b98b4e85038a
management:
  docChecksum: 5b7ce2db9dcd009ad828aa989fad9ef4
  docVersion: 4.7.10
  speakeasyVersion: 1.330.0
  generationVersion: 2.361.10
  releaseVersion: 0.6.0
  configChecksum: 627659f7b2d9054b32190463da3311db
features:
  go:
    additionalDependencies: 0.1.0
    constsAndDefaults: 0.1.4
    core: 3.4.14
    flattening: 2.81.1
    globalSecurity: 2.82.9
    globalSecurityCallbacks: 0.1.0
    globalServerURLs: 2.82.2
    intellisenseMarkdownSupport: 0.1.0
    nullables: 0.1.0
    responseFormat: 0.1.2
    sdkHooks: 0.1.0
generatedFiles:
  - artworkstatuses.go
  - artworktypes.go
  - artwork.go
  - awards.go
  - awardcategories.go
  - characters.go
  - companies.go
  - contentratings.go
  - countries.go
  - entitytypes.go
  - episodes.go
  - genders.go
  - genres.go
  - inspirationtypes.go
  - languages.go
  - lists.go
  - login.go
  - movies.go
  - moviestatuses.go
  - people.go
  - peopletypes.go
  - search.go
  - seasons.go
  - series.go
  - seriesstatuses.go
  - sourcetypes.go
  - updates.go
  - userinfo.go
  - favorites.go
  - sdk.go
  - go.mod
  - models/sdkerrors/sdkerror.go
  - retry/config.go
  - types/bigint.go
  - types/date.go
  - types/datetime.go
  - types/decimal.go
  - types/pointers.go
  - internal/utils/contenttype.go
  - internal/utils/form.go
  - internal/utils/headers.go
  - internal/utils/json.go
  - internal/utils/pathparams.go
  - internal/utils/queryparams.go
  - internal/utils/requestbody.go
  - internal/utils/retries.go
  - internal/utils/security.go
  - internal/utils/utils.go
  - /models/operations/getallartworkstatuses.go
  - /models/operations/getallartworktypes.go
  - /models/operations/getartworkbase.go
  - /models/operations/getartworkextended.go
  - /models/operations/getallawards.go
  - /models/operations/getaward.go
  - /models/operations/getawardextended.go
  - /models/operations/getawardcategory.go
  - /models/operations/getawardcategoryextended.go
  - /models/operations/getcharacterbase.go
  - /models/operations/getallcompanies.go
  - /models/operations/getcompany.go
  - /models/operations/getcompanytypes.go
  - /models/operations/getallcontentratings.go
  - /models/operations/getallcountries.go
  - /models/operations/getentitytypes.go
  - /models/operations/getallepisodes.go
  - /models/operations/getepisodebase.go
  - /models/operations/getepisodeextended.go
  - /models/operations/getepisodetranslation.go
  - /models/operations/getallgenders.go
  - /models/operations/getallgenres.go
  - /models/operations/getgenrebase.go
  - /models/operations/getallinspirationtypes.go
  - /models/operations/getalllanguages.go
  - /models/operations/getalllists.go
  - /models/operations/getlist.go
  - /models/operations/getlistbyslug.go
  - /models/operations/getlistextended.go
  - /models/operations/getlisttranslation.go
  - /models/operations/postlogin.go
  - /models/operations/getallmovie.go
  - /models/operations/getmoviebase.go
  - /models/operations/getmoviebasebyslug.go
  - /models/operations/getmovieextended.go
  - /models/operations/getmovietranslation.go
  - /models/operations/getmoviesfilter.go
  - /models/operations/getallmoviestatuses.go
  - /models/operations/getallpeople.go
  - /models/operations/getpeoplebase.go
  - /models/operations/getpeopleextended.go
  - /models/operations/getpeopletranslation.go
  - /models/operations/getallpeopletypes.go
  - /models/operations/getsearchresults.go
  - /models/operations/getsearchresultsbyremoteid.go
  - /models/operations/getallseasons.go
  - /models/operations/getseasonbase.go
  - /models/operations/getseasonextended.go
  - /models/operations/getseasontranslation.go
  - /models/operations/getseasontypes.go
  - /models/operations/getallseries.go
  - /models/operations/getseriesartworks.go
  - /models/operations/getseriesbase.go
  - /models/operations/getseriesbasebyslug.go
  - /models/operations/getseriesepisodes.go
  - /models/operations/getseriesextended.go
  - /models/operations/getseriesfilter.go
  - /models/operations/getseriesnextaired.go
  - /models/operations/getseriesseasonepisodestranslated.go
  - /models/operations/getseriestranslation.go
  - /models/operations/getallseriesstatuses.go
  - /models/operations/getallsourcetypes.go
  - /models/operations/updates.go
  - /models/operations/getuserinfo.go
  - /models/operations/getuserinfobyid.go
  - /models/operations/createuserfavorites.go
  - /models/operations/getuserfavorites.go
  - /models/shared/artworkstatus.go
  - /models/shared/artworktype.go
  - /models/shared/artworkbaserecord.go
  - /models/shared/artworkextendedrecord.go
  - /models/shared/tagoption.go
  - /models/shared/awardbaserecord.go
  - /models/shared/awardextendedrecord.go
  - /models/shared/awardcategorybaserecord.go
  - /models/shared/awardcategoryextendedrecord.go
  - /models/shared/awardnomineebaserecord.go
  - /models/shared/seriesbaserecord.go
  - /models/shared/status.go
  - /models/shared/episodebaserecord.go
  - /models/shared/seasonbaserecord.go
  - /models/shared/seasontype.go
  - /models/shared/companies.go
  - /models/shared/company.go
  - /models/shared/parentcompany.go
  - /models/shared/companyrelationship.go
  - /models/shared/alias.go
  - /models/shared/moviebaserecord.go
  - /models/shared/character.go
  - /models/shared/recordinfo.go
  - /models/shared/links.go
  - /models/shared/companytype.go
  - /models/shared/contentrating.go
  - /models/shared/country.go
  - /models/shared/entitytype.go
  - /models/shared/episodeextendedrecord.go
  - /models/shared/translationextended.go
  - /models/shared/translation.go
  - /models/shared/trailer.go
  - /models/shared/remoteid.go
  - /models/shared/gender.go
  - /models/shared/genrebaserecord.go
  - /models/shared/inspirationtype.go
  - /models/shared/language.go
  - /models/shared/listbaserecord.go
  - /models/shared/listextendedrecord.go
  - /models/shared/entity.go
  - /models/shared/movieextendedrecord.go
  - /models/shared/studiobaserecord.go
  - /models/shared/release.go
  - /models/shared/productioncountry.go
  - /models/shared/inspiration.go
  - /models/shared/peoplebaserecord.go
  - /models/shared/peopleextendedrecord.go
  - /models/shared/race.go
  - /models/shared/biography.go
  - /models/shared/peopletype.go
  - /models/shared/searchresult.go
  - /models/shared/searchbyremoteidresult.go
  - /models/shared/seasonextendedrecord.go
  - /models/shared/seriesextendedrecord.go
  - /models/shared/seriesairsdays.go
  - /models/shared/sourcetype.go
  - /models/shared/entityupdate.go
  - /models/shared/userinfo.go
  - /models/shared/favoriterecord.go
  - /models/shared/favorites.go
  - /models/shared/security.go
  - docs/models/operations/getallartworkstatusesresponsebody.md
  - docs/models/operations/getallartworkstatusesresponse.md
  - docs/models/operations/getallartworktypesresponsebody.md
  - docs/models/operations/getallartworktypesresponse.md
  - docs/models/operations/getartworkbaserequest.md
  - docs/models/operations/getartworkbaseresponsebody.md
  - docs/models/operations/getartworkbaseresponse.md
  - docs/models/operations/getartworkextendedrequest.md
  - docs/models/operations/getartworkextendedresponsebody.md
  - docs/models/operations/getartworkextendedresponse.md
  - docs/models/operations/getallawardsresponsebody.md
  - docs/models/operations/getallawardsresponse.md
  - docs/models/operations/getawardrequest.md
  - docs/models/operations/getawardresponsebody.md
  - docs/models/operations/getawardresponse.md
  - docs/models/operations/getawardextendedrequest.md
  - docs/models/operations/getawardextendedresponsebody.md
  - docs/models/operations/getawardextendedresponse.md
  - docs/models/operations/getawardcategoryrequest.md
  - docs/models/operations/getawardcategoryresponsebody.md
  - docs/models/operations/getawardcategoryresponse.md
  - docs/models/operations/getawardcategoryextendedrequest.md
  - docs/models/operations/getawardcategoryextendedresponsebody.md
  - docs/models/operations/getawardcategoryextendedresponse.md
  - docs/models/operations/getcharacterbaserequest.md
  - docs/models/operations/getcharacterbaseresponsebody.md
  - docs/models/operations/getcharacterbaseresponse.md
  - docs/models/operations/getallcompaniesrequest.md
  - docs/models/operations/getallcompaniesresponsebody.md
  - docs/models/operations/getallcompaniesresponse.md
  - docs/models/operations/getcompanyrequest.md
  - docs/models/operations/getcompanyresponsebody.md
  - docs/models/operations/getcompanyresponse.md
  - docs/models/operations/getcompanytypesresponsebody.md
  - docs/models/operations/getcompanytypesresponse.md
  - docs/models/operations/getallcontentratingsresponsebody.md
  - docs/models/operations/getallcontentratingsresponse.md
  - docs/models/operations/getallcountriesresponsebody.md
  - docs/models/operations/getallcountriesresponse.md
  - docs/models/operations/getentitytypesresponsebody.md
  - docs/models/operations/getentitytypesresponse.md
  - docs/models/operations/getallepisodesrequest.md
  - docs/models/operations/getallepisodesresponsebody.md
  - docs/models/operations/getallepisodesresponse.md
  - docs/models/operations/getepisodebaserequest.md
  - docs/models/operations/getepisodebaseresponsebody.md
  - docs/models/operations/getepisodebaseresponse.md
  - docs/models/operations/meta.md
  - docs/models/operations/getepisodeextendedrequest.md
  - docs/models/operations/getepisodeextendedresponsebody.md
  - docs/models/operations/getepisodeextendedresponse.md
  - docs/models/operations/getepisodetranslationrequest.md
  - docs/models/operations/getepisodetranslationresponsebody.md
  - docs/models/operations/getepisodetranslationresponse.md
  - docs/models/operations/getallgendersresponsebody.md
  - docs/models/operations/getallgendersresponse.md
  - docs/models/operations/getallgenresresponsebody.md
  - docs/models/operations/getallgenresresponse.md
  - docs/models/operations/getgenrebaserequest.md
  - docs/models/operations/getgenrebaseresponsebody.md
  - docs/models/operations/getgenrebaseresponse.md
  - docs/models/operations/getallinspirationtypesresponsebody.md
  - docs/models/operations/getallinspirationtypesresponse.md
  - docs/models/operations/getalllanguagesresponsebody.md
  - docs/models/operations/getalllanguagesresponse.md
  - docs/models/operations/getalllistsrequest.md
  - docs/models/operations/getalllistsresponsebody.md
  - docs/models/operations/getalllistsresponse.md
  - docs/models/operations/getlistrequest.md
  - docs/models/operations/getlistresponsebody.md
  - docs/models/operations/getlistresponse.md
  - docs/models/operations/getlistbyslugrequest.md
  - docs/models/operations/getlistbyslugresponsebody.md
  - docs/models/operations/getlistbyslugresponse.md
  - docs/models/operations/getlistextendedrequest.md
  - docs/models/operations/getlistextendedresponsebody.md
  - docs/models/operations/getlistextendedresponse.md
  - docs/models/operations/getlisttranslationrequest.md
  - docs/models/operations/getlisttranslationresponsebody.md
  - docs/models/operations/getlisttranslationresponse.md
  - docs/models/operations/postloginrequestbody.md
  - docs/models/operations/data.md
  - docs/models/operations/postloginresponsebody.md
  - docs/models/operations/postloginresponse.md
  - docs/models/operations/getallmovierequest.md
  - docs/models/operations/getallmovieresponsebody.md
  - docs/models/operations/getallmovieresponse.md
  - docs/models/operations/getmoviebaserequest.md
  - docs/models/operations/getmoviebaseresponsebody.md
  - docs/models/operations/getmoviebaseresponse.md
  - docs/models/operations/getmoviebasebyslugrequest.md
  - docs/models/operations/getmoviebasebyslugresponsebody.md
  - docs/models/operations/getmoviebasebyslugresponse.md
  - docs/models/operations/queryparammeta.md
  - docs/models/operations/getmovieextendedrequest.md
  - docs/models/operations/getmovieextendedresponsebody.md
  - docs/models/operations/getmovieextendedresponse.md
  - docs/models/operations/getmovietranslationrequest.md
  - docs/models/operations/getmovietranslationresponsebody.md
  - docs/models/operations/getmovietranslationresponse.md
  - docs/models/operations/sort.md
  - docs/models/operations/getmoviesfilterrequest.md
  - docs/models/operations/getmoviesfilterresponsebody.md
  - docs/models/operations/getmoviesfilterresponse.md
  - docs/models/operations/getallmoviestatusesresponsebody.md
  - docs/models/operations/getallmoviestatusesresponse.md
  - docs/models/operations/getallpeoplerequest.md
  - docs/models/operations/getallpeopleresponsebody.md
  - docs/models/operations/getallpeopleresponse.md
  - docs/models/operations/getpeoplebaserequest.md
  - docs/models/operations/getpeoplebaseresponsebody.md
  - docs/models/operations/getpeoplebaseresponse.md
  - docs/models/operations/getpeopleextendedqueryparammeta.md
  - docs/models/operations/getpeopleextendedrequest.md
  - docs/models/operations/getpeopleextendedresponsebody.md
  - docs/models/operations/getpeopleextendedresponse.md
  - docs/models/operations/getpeopletranslationrequest.md
  - docs/models/operations/getpeopletranslationresponsebody.md
  - docs/models/operations/getpeopletranslationresponse.md
  - docs/models/operations/getallpeopletypesresponsebody.md
  - docs/models/operations/getallpeopletypesresponse.md
  - docs/models/operations/getsearchresultsrequest.md
  - docs/models/operations/getsearchresultsresponsebody.md
  - docs/models/operations/getsearchresultsresponse.md
  - docs/models/operations/getsearchresultsbyremoteidrequest.md
  - docs/models/operations/getsearchresultsbyremoteidresponsebody.md
  - docs/models/operations/getsearchresultsbyremoteidresponse.md
  - docs/models/operations/getallseasonsrequest.md
  - docs/models/operations/getallseasonsresponsebody.md
  - docs/models/operations/getallseasonsresponse.md
  - docs/models/operations/getseasonbaserequest.md
  - docs/models/operations/getseasonbaseresponsebody.md
  - docs/models/operations/getseasonbaseresponse.md
  - docs/models/operations/getseasonextendedrequest.md
  - docs/models/operations/getseasonextendedresponsebody.md
  - docs/models/operations/getseasonextendedresponse.md
  - docs/models/operations/getseasontranslationrequest.md
  - docs/models/operations/getseasontranslationresponsebody.md
  - docs/models/operations/getseasontranslationresponse.md
  - docs/models/operations/getseasontypesresponsebody.md
  - docs/models/operations/getseasontypesresponse.md
  - docs/models/operations/getallseriesrequest.md
  - docs/models/operations/getallseriesresponsebody.md
  - docs/models/operations/getallseriesresponse.md
  - docs/models/operations/getseriesartworksrequest.md
  - docs/models/operations/getseriesartworksresponsebody.md
  - docs/models/operations/getseriesartworksresponse.md
  - docs/models/operations/getseriesbaserequest.md
  - docs/models/operations/getseriesbaseresponsebody.md
  - docs/models/operations/getseriesbaseresponse.md
  - docs/models/operations/getseriesbasebyslugrequest.md
  - docs/models/operations/getseriesbasebyslugresponsebody.md
  - docs/models/operations/getseriesbasebyslugresponse.md
  - docs/models/operations/getseriesepisodesrequest.md
  - docs/models/operations/getseriesepisodesdata.md
  - docs/models/operations/getseriesepisodesresponsebody.md
  - docs/models/operations/getseriesepisodesresponse.md
  - docs/models/operations/getseriesextendedqueryparammeta.md
  - docs/models/operations/getseriesextendedrequest.md
  - docs/models/operations/getseriesextendedresponsebody.md
  - docs/models/operations/getseriesextendedresponse.md
  - docs/models/operations/queryparamsort.md
  - docs/models/operations/sorttype.md
  - docs/models/operations/getseriesfilterrequest.md
  - docs/models/operations/getseriesfilterresponsebody.md
  - docs/models/operations/getseriesfilterresponse.md
  - docs/models/operations/getseriesnextairedrequest.md
  - docs/models/operations/getseriesnextairedresponsebody.md
  - docs/models/operations/getseriesnextairedresponse.md
  - docs/models/operations/getseriesseasonepisodestranslatedrequest.md
  - docs/models/operations/getseriesseasonepisodestranslateddata.md
  - docs/models/operations/getseriesseasonepisodestranslatedresponsebody.md
  - docs/models/operations/getseriesseasonepisodestranslatedresponse.md
  - docs/models/operations/getseriestranslationrequest.md
  - docs/models/operations/getseriestranslationresponsebody.md
  - docs/models/operations/getseriestranslationresponse.md
  - docs/models/operations/getallseriesstatusesresponsebody.md
  - docs/models/operations/getallseriesstatusesresponse.md
  - docs/models/operations/getallsourcetypesresponsebody.md
  - docs/models/operations/getallsourcetypesresponse.md
  - docs/models/operations/action.md
  - docs/models/operations/type.md
  - docs/models/operations/updatesrequest.md
  - docs/models/operations/updatesresponsebody.md
  - docs/models/operations/updatesresponse.md
  - docs/models/operations/getuserinforesponsebody.md
  - docs/models/operations/getuserinforesponse.md
  - docs/models/operations/getuserinfobyidrequest.md
  - docs/models/operations/getuserinfobyidresponsebody.md
  - docs/models/operations/getuserinfobyidresponse.md
  - docs/models/operations/createuserfavoritesresponse.md
  - docs/models/operations/getuserfavoritesresponsebody.md
  - docs/models/operations/getuserfavoritesresponse.md
  - docs/models/shared/artworkstatus.md
  - docs/models/shared/artworktype.md
  - docs/models/shared/artworkbaserecord.md
  - docs/models/shared/artworkextendedrecord.md
  - docs/models/shared/tagoption.md
  - docs/models/shared/awardbaserecord.md
  - docs/models/shared/awardextendedrecord.md
  - docs/models/shared/awardcategorybaserecord.md
  - docs/models/shared/awardcategoryextendedrecord.md
  - docs/models/shared/awardnomineebaserecord.md
  - docs/models/shared/seriesbaserecord.md
  - docs/models/shared/status.md
  - docs/models/shared/episodebaserecord.md
  - docs/models/shared/seasonbaserecord.md
  - docs/models/shared/seasontype.md
  - docs/models/shared/companies.md
  - docs/models/shared/company.md
  - docs/models/shared/parentcompany.md
  - docs/models/shared/companyrelationship.md
  - docs/models/shared/alias.md
  - docs/models/shared/moviebaserecord.md
  - docs/models/shared/character.md
  - docs/models/shared/recordinfo.md
  - docs/models/shared/links.md
  - docs/models/shared/companytype.md
  - docs/models/shared/contentrating.md
  - docs/models/shared/country.md
  - docs/models/shared/entitytype.md
  - docs/models/shared/episodeextendedrecord.md
  - docs/models/shared/translationextended.md
  - docs/models/shared/translation.md
  - docs/models/shared/trailer.md
  - docs/models/shared/remoteid.md
  - docs/models/shared/gender.md
  - docs/models/shared/genrebaserecord.md
  - docs/models/shared/inspirationtype.md
  - docs/models/shared/language.md
  - docs/models/shared/listbaserecord.md
  - docs/models/shared/listextendedrecord.md
  - docs/models/shared/entity.md
  - docs/models/shared/movieextendedrecord.md
  - docs/models/shared/studiobaserecord.md
  - docs/models/shared/release.md
  - docs/models/shared/productioncountry.md
  - docs/models/shared/inspiration.md
  - docs/models/shared/peoplebaserecord.md
  - docs/models/shared/peopleextendedrecord.md
  - docs/models/shared/race.md
  - docs/models/shared/biography.md
  - docs/models/shared/peopletype.md
  - docs/models/shared/searchresult.md
  - docs/models/shared/searchbyremoteidresult.md
  - docs/models/shared/seasonextendedrecord.md
  - docs/models/shared/seriesextendedrecord.md
  - docs/models/shared/seriesairsdays.md
  - docs/models/shared/sourcetype.md
  - docs/models/shared/entityupdate.md
  - docs/models/shared/userinfo.md
  - docs/models/shared/favoriterecord.md
  - docs/models/shared/favorites.md
  - docs/models/shared/security.md
  - docs/sdks/sdk/README.md
  - docs/sdks/artworkstatuses/README.md
  - docs/sdks/artworktypes/README.md
  - docs/sdks/artwork/README.md
  - docs/sdks/awards/README.md
  - docs/sdks/awardcategories/README.md
  - docs/sdks/characters/README.md
  - docs/sdks/companies/README.md
  - docs/sdks/contentratings/README.md
  - docs/sdks/countries/README.md
  - docs/sdks/entitytypes/README.md
  - docs/sdks/episodes/README.md
  - docs/sdks/genders/README.md
  - docs/sdks/genres/README.md
  - docs/sdks/inspirationtypes/README.md
  - docs/sdks/languages/README.md
  - docs/sdks/lists/README.md
  - docs/sdks/login/README.md
  - docs/sdks/movies/README.md
  - docs/sdks/moviestatuses/README.md
  - docs/sdks/people/README.md
  - docs/sdks/peopletypes/README.md
  - docs/sdks/search/README.md
  - docs/sdks/seasons/README.md
  - docs/sdks/series/README.md
  - docs/sdks/seriesstatuses/README.md
  - docs/sdks/sourcetypes/README.md
  - docs/sdks/updates/README.md
  - docs/sdks/userinfo/README.md
  - docs/sdks/favorites/README.md
  - USAGE.md
  - .gitattributes
  - internal/hooks/hooks.go
